
Microsoft Visual Studio Solution File, Format Version 12.00
# Visual Studio 15
VisualStudioVersion = 15.0.28307.779
MinimumVisualStudioVersion = 10.0.40219.1
Project("{FAE04EC0-301F-11D3-BF4B-00C04F79EFBC}") = "StreamTest5", "StreamTest5\StreamTest5.csproj", "{6356A162-2B42-4094-BB5A-86913907E648}"
EndProject
Global
	GlobalSection(SolutionConfigurationPlatforms) = preSolution
		Debug|Any CPU = Debug|Any CPU
		Release|Any CPU = Release|Any CPU
	EndGlobalSection
	GlobalSection(ProjectConfigurationPlatforms) = postSolution
		{6356A162-2B42-4094-BB5A-86913907E648}.Debug|Any CPU.ActiveCfg = Debug|Any CPU
		{6356A162-2B42-4094-BB5A-86913907E648}.Debug|Any CPU.Build.0 = Debug|Any CPU
		{6356A162-2B42-4094-BB5A-86913907E648}.Release|Any CPU.ActiveCfg = Release|Any CPU
		{6356A162-2B42-4094-BB5A-86913907E648}.Release|Any CPU.Build.0 = Release|Any CPU
	EndGlobalSection
	GlobalSection(SolutionProperties) = preSolution
		HideSolutionNode = FALSE
	EndGlobalSection
	GlobalSection(ExtensibilityGlobals) = postSolution
		SolutionGuid = {CF6F9E80-FC36-474B-A4EC-F618BEBA79E0}
	EndGlobalSection
EndGlobal
