
Microsoft Visual Studio Solution File, Format Version 12.00
# Visual Studio 15
VisualStudioVersion = 15.0.28307.902
MinimumVisualStudioVersion = 10.0.40219.1
Project("{FAE04EC0-301F-11D3-BF4B-00C04F79EFBC}") = "HelloMVC", "HelloMVC\HelloMVC.csproj", "{82F632C1-199B-4ADD-9629-A9A0EF502213}"
EndProject
Project("{FAE04EC0-301F-11D3-BF4B-00C04F79EFBC}") = "HelloMVC.Tests", "HelloMVC.Tests\HelloMVC.Tests.csproj", "{5071BCDE-89D6-4AC4-A93D-75193EBABC75}"
EndProject
Global
	GlobalSection(SolutionConfigurationPlatforms) = preSolution
		Debug|Any CPU = Debug|Any CPU
		Release|Any CPU = Release|Any CPU
	EndGlobalSection
	GlobalSection(ProjectConfigurationPlatforms) = postSolution
		{82F632C1-199B-4ADD-9629-A9A0EF502213}.Debug|Any CPU.ActiveCfg = Debug|Any CPU
		{82F632C1-199B-4ADD-9629-A9A0EF502213}.Debug|Any CPU.Build.0 = Debug|Any CPU
		{82F632C1-199B-4ADD-9629-A9A0EF502213}.Release|Any CPU.ActiveCfg = Release|Any CPU
		{82F632C1-199B-4ADD-9629-A9A0EF502213}.Release|Any CPU.Build.0 = Release|Any CPU
		{5071BCDE-89D6-4AC4-A93D-75193EBABC75}.Debug|Any CPU.ActiveCfg = Debug|Any CPU
		{5071BCDE-89D6-4AC4-A93D-75193EBABC75}.Debug|Any CPU.Build.0 = Debug|Any CPU
		{5071BCDE-89D6-4AC4-A93D-75193EBABC75}.Release|Any CPU.ActiveCfg = Release|Any CPU
		{5071BCDE-89D6-4AC4-A93D-75193EBABC75}.Release|Any CPU.Build.0 = Release|Any CPU
	EndGlobalSection
	GlobalSection(SolutionProperties) = preSolution
		HideSolutionNode = FALSE
	EndGlobalSection
	GlobalSection(ExtensibilityGlobals) = postSolution
		SolutionGuid = {DC7094C4-58B5-4870-9CB2-AB42A92C89BB}
	EndGlobalSection
EndGlobal
