
Microsoft Visual Studio Solution File, Format Version 12.00
# Visual Studio 15
VisualStudioVersion = 15.0.28307.902
MinimumVisualStudioVersion = 10.0.40219.1
Project("{FAE04EC0-301F-11D3-BF4B-00C04F79EFBC}") = "PPTApiInvocationTest", "PPTApiInvocationTest\PPTApiInvocationTest.csproj", "{28544C92-27CB-4C6C-8D9F-BB2EF7ED0BE1}"
EndProject
Global
	GlobalSection(SolutionConfigurationPlatforms) = preSolution
		Debug|Any CPU = Debug|Any CPU
		Release|Any CPU = Release|Any CPU
	EndGlobalSection
	GlobalSection(ProjectConfigurationPlatforms) = postSolution
		{28544C92-27CB-4C6C-8D9F-BB2EF7ED0BE1}.Debug|Any CPU.ActiveCfg = Debug|Any CPU
		{28544C92-27CB-4C6C-8D9F-BB2EF7ED0BE1}.Debug|Any CPU.Build.0 = Debug|Any CPU
		{28544C92-27CB-4C6C-8D9F-BB2EF7ED0BE1}.Release|Any CPU.ActiveCfg = Release|Any CPU
		{28544C92-27CB-4C6C-8D9F-BB2EF7ED0BE1}.Release|Any CPU.Build.0 = Release|Any CPU
	EndGlobalSection
	GlobalSection(SolutionProperties) = preSolution
		HideSolutionNode = FALSE
	EndGlobalSection
	GlobalSection(ExtensibilityGlobals) = postSolution
		SolutionGuid = {1C571A39-56F8-4492-9404-E1B7FF6FDE39}
	EndGlobalSection
EndGlobal
