
Microsoft Visual Studio Solution File, Format Version 12.00
# Visual Studio 15
VisualStudioVersion = 15.0.28307.852
MinimumVisualStudioVersion = 10.0.40219.1
Project("{FAE04EC0-301F-11D3-BF4B-00C04F79EFBC}") = "DelegateTest1", "DelegateTest1\DelegateTest1.csproj", "{EF788DA9-7772-436E-803B-88C53A45387A}"
EndProject
Global
	GlobalSection(SolutionConfigurationPlatforms) = preSolution
		Debug|Any CPU = Debug|Any CPU
		Release|Any CPU = Release|Any CPU
	EndGlobalSection
	GlobalSection(ProjectConfigurationPlatforms) = postSolution
		{EF788DA9-7772-436E-803B-88C53A45387A}.Debug|Any CPU.ActiveCfg = Debug|Any CPU
		{EF788DA9-7772-436E-803B-88C53A45387A}.Debug|Any CPU.Build.0 = Debug|Any CPU
		{EF788DA9-7772-436E-803B-88C53A45387A}.Release|Any CPU.ActiveCfg = Release|Any CPU
		{EF788DA9-7772-436E-803B-88C53A45387A}.Release|Any CPU.Build.0 = Release|Any CPU
	EndGlobalSection
	GlobalSection(SolutionProperties) = preSolution
		HideSolutionNode = FALSE
	EndGlobalSection
	GlobalSection(ExtensibilityGlobals) = postSolution
		SolutionGuid = {25253F60-A49D-4F78-8219-AF352AAE9E0A}
	EndGlobalSection
EndGlobal
