
Microsoft Visual Studio Solution File, Format Version 12.00
# Visual Studio 15
VisualStudioVersion = 15.0.28307.779
MinimumVisualStudioVersion = 10.0.40219.1
Project("{FAE04EC0-301F-11D3-BF4B-00C04F79EFBC}") = "CommandPattern", "CommandPattern\CommandPattern.csproj", "{DEAB1D75-C859-4D85-A682-E1498B449D34}"
EndProject
Global
	GlobalSection(SolutionConfigurationPlatforms) = preSolution
		Debug|Any CPU = Debug|Any CPU
		Release|Any CPU = Release|Any CPU
	EndGlobalSection
	GlobalSection(ProjectConfigurationPlatforms) = postSolution
		{DEAB1D75-C859-4D85-A682-E1498B449D34}.Debug|Any CPU.ActiveCfg = Debug|Any CPU
		{DEAB1D75-C859-4D85-A682-E1498B449D34}.Debug|Any CPU.Build.0 = Debug|Any CPU
		{DEAB1D75-C859-4D85-A682-E1498B449D34}.Release|Any CPU.ActiveCfg = Release|Any CPU
		{DEAB1D75-C859-4D85-A682-E1498B449D34}.Release|Any CPU.Build.0 = Release|Any CPU
	EndGlobalSection
	GlobalSection(SolutionProperties) = preSolution
		HideSolutionNode = FALSE
	EndGlobalSection
	GlobalSection(ExtensibilityGlobals) = postSolution
		SolutionGuid = {6173DC7A-950C-4292-9DAD-BEF56E6A26E1}
	EndGlobalSection
EndGlobal
