
Microsoft Visual Studio Solution File, Format Version 12.00
# Visual Studio 15
VisualStudioVersion = 15.0.28307.779
MinimumVisualStudioVersion = 10.0.40219.1
Project("{FAE04EC0-301F-11D3-BF4B-00C04F79EFBC}") = "LambdaTest", "LambdaTest\LambdaTest.csproj", "{17735EE8-4683-4130-B93D-6724C979CDFF}"
EndProject
Global
	GlobalSection(SolutionConfigurationPlatforms) = preSolution
		Debug|Any CPU = Debug|Any CPU
		Release|Any CPU = Release|Any CPU
	EndGlobalSection
	GlobalSection(ProjectConfigurationPlatforms) = postSolution
		{17735EE8-4683-4130-B93D-6724C979CDFF}.Debug|Any CPU.ActiveCfg = Debug|Any CPU
		{17735EE8-4683-4130-B93D-6724C979CDFF}.Debug|Any CPU.Build.0 = Debug|Any CPU
		{17735EE8-4683-4130-B93D-6724C979CDFF}.Release|Any CPU.ActiveCfg = Release|Any CPU
		{17735EE8-4683-4130-B93D-6724C979CDFF}.Release|Any CPU.Build.0 = Release|Any CPU
	EndGlobalSection
	GlobalSection(SolutionProperties) = preSolution
		HideSolutionNode = FALSE
	EndGlobalSection
	GlobalSection(ExtensibilityGlobals) = postSolution
		SolutionGuid = {A053FA6C-1A51-4EBA-9F4C-8684ED108AC0}
	EndGlobalSection
EndGlobal
