
Microsoft Visual Studio Solution File, Format Version 12.00
# Visual Studio 15
VisualStudioVersion = 15.0.28307.902
MinimumVisualStudioVersion = 10.0.40219.1
Project("{FAE04EC0-301F-11D3-BF4B-00C04F79EFBC}") = "LoadDWGTest", "LoadDWGTest\LoadDWGTest.csproj", "{8FF9B5A1-E715-46AE-A350-D6E87BB1974F}"
EndProject
Global
	GlobalSection(SolutionConfigurationPlatforms) = preSolution
		Debug|Any CPU = Debug|Any CPU
		Release|Any CPU = Release|Any CPU
	EndGlobalSection
	GlobalSection(ProjectConfigurationPlatforms) = postSolution
		{8FF9B5A1-E715-46AE-A350-D6E87BB1974F}.Debug|Any CPU.ActiveCfg = Debug|Any CPU
		{8FF9B5A1-E715-46AE-A350-D6E87BB1974F}.Debug|Any CPU.Build.0 = Debug|Any CPU
		{8FF9B5A1-E715-46AE-A350-D6E87BB1974F}.Release|Any CPU.ActiveCfg = Release|Any CPU
		{8FF9B5A1-E715-46AE-A350-D6E87BB1974F}.Release|Any CPU.Build.0 = Release|Any CPU
	EndGlobalSection
	GlobalSection(SolutionProperties) = preSolution
		HideSolutionNode = FALSE
	EndGlobalSection
	GlobalSection(ExtensibilityGlobals) = postSolution
		SolutionGuid = {F9B15195-AA7C-4FE6-9E0D-F7233394435B}
	EndGlobalSection
EndGlobal
