
Microsoft Visual Studio Solution File, Format Version 12.00
# Visual Studio 15
VisualStudioVersion = 15.0.28307.902
MinimumVisualStudioVersion = 10.0.40219.1
Project("{FAE04EC0-301F-11D3-BF4B-00C04F79EFBC}") = "SearchTest", "SearchTest\SearchTest.csproj", "{7040E350-08E7-40BD-AF10-0AD87C70FA54}"
EndProject
Global
	GlobalSection(SolutionConfigurationPlatforms) = preSolution
		Debug|Any CPU = Debug|Any CPU
		Release|Any CPU = Release|Any CPU
	EndGlobalSection
	GlobalSection(ProjectConfigurationPlatforms) = postSolution
		{7040E350-08E7-40BD-AF10-0AD87C70FA54}.Debug|Any CPU.ActiveCfg = Debug|Any CPU
		{7040E350-08E7-40BD-AF10-0AD87C70FA54}.Debug|Any CPU.Build.0 = Debug|Any CPU
		{7040E350-08E7-40BD-AF10-0AD87C70FA54}.Release|Any CPU.ActiveCfg = Release|Any CPU
		{7040E350-08E7-40BD-AF10-0AD87C70FA54}.Release|Any CPU.Build.0 = Release|Any CPU
	EndGlobalSection
	GlobalSection(SolutionProperties) = preSolution
		HideSolutionNode = FALSE
	EndGlobalSection
	GlobalSection(ExtensibilityGlobals) = postSolution
		SolutionGuid = {A44C60E0-57B1-4503-945D-5330A4A18E1C}
	EndGlobalSection
EndGlobal
